{
  "name": "Lottery",
  "lockfileVersion": 2,
  "requires": true,
  "packages": {
    "": {
      "dependencies": {
        "fast-random": "^2.0.4"
      }
    },
    "node_modules/fast-random": {
      "version": "2.0.4",
      "resolved": "https://registry.npmjs.org/fast-random/-/fast-random-2.0.4.tgz",
      "integrity": "sha1-BbesQlKTgFXZO+y66442k3PjQHc="
    }
  },
  "dependencies": {
    "fast-random": {
      "version": "2.0.4",
      "resolved": "https://registry.npmjs.org/fast-random/-/fast-random-2.0.4.tgz",
      "integrity": "sha1-BbesQlKTgFXZO+y66442k3PjQHc="
    }
  }
}
